{
  "requires": true,
  "lockfileVersion": 1,
  "dependencies": {
    "dompurify": {
      "version": "1.0.10",
      "resolved": "https://registry.npmjs.org/dompurify/-/dompurify-1.0.10.tgz",
      "integrity": "sha512-huhl3DSWX5LaA7jDtnj3XQdJgWW1wYouNW7N0drGzQa4vEUSVWyeFN+Atx6HP4r5cang6oQytMom6I4yhGJj5g=="
    },
    "jquery": {
      "version": "3.4.1",
      "resolved": "https://registry.npmjs.org/jquery/-/jquery-3.4.1.tgz",
      "integrity": "sha512-36+AdBzCL+y6qjw5Tx7HgzeGCzC81MDDgaUP8ld2zhx58HdqXGoBd+tHdrBMiyjGQs0Hxs/MLZTu/eHNJJuWPw=="
    },
    "simditor": {
      "version": "2.3.25",
      "resolved": "https://registry.npmjs.org/simditor/-/simditor-2.3.25.tgz",
      "integrity": "sha512-Cf90cuNvmsWh6vLTnCEFL5OMUCfCS8mQScQq0zBkoJ42X5TvLC2lyNCIFviDfUqjrqiqsJhYSwVHL3DbkPLQ0w==",
      "requires": {
        "dompurify": "^1.0.8",
        "jquery": "^3.3.1",
        "simple-hotkeys": "^1.0.3",
        "simple-module": "^3.0.3",
        "simple-uploader": "^3.0.0"
      }
    },
    "simple-hotkeys": {
      "version": "1.0.3",
      "resolved": "https://registry.npmjs.org/simple-hotkeys/-/simple-hotkeys-1.0.3.tgz",
      "integrity": "sha1-R6W8NTYspzOWEb0JqE+jeBiwu8Y=",
      "requires": {
        "jquery": "2.x",
        "simple-module": "~2.0.5"
      },
      "dependencies": {
        "jquery": {
          "version": "2.2.4",
          "resolved": "https://registry.npmjs.org/jquery/-/jquery-2.2.4.tgz",
          "integrity": "sha1-LInWiJterFIqfuoywUUhVZxsvwI="
        },
        "simple-module": {
          "version": "2.0.6",
          "resolved": "https://registry.npmjs.org/simple-module/-/simple-module-2.0.6.tgz",
          "integrity": "sha1-zsglAyX4x/V19Kp1yRmzg5amA3s=",
          "requires": {
            "jquery": "2.x"
          }
        }
      }
    },
    "simple-module": {
      "version": "3.0.3",
      "resolved": "https://registry.npmjs.org/simple-module/-/simple-module-3.0.3.tgz",
      "integrity": "sha1-rVJ2Z4XSfNlCfuhkWknkEZlyWpI=",
      "requires": {
        "jquery": "^3.0.0"
      }
    },
    "simple-uploader": {
      "version": "3.0.0",
      "resolved": "https://registry.npmjs.org/simple-uploader/-/simple-uploader-3.0.0.tgz",
      "integrity": "sha1-wJ9wbxz8vqH+eA41dZpoOxM21NE=",
      "requires": {
        "jquery": "~3.1.0",
        "simple-module": "~3.0.0"
      },
      "dependencies": {
        "jquery": {
          "version": "3.1.1",
          "resolved": "https://registry.npmjs.org/jquery/-/jquery-3.1.1.tgz",
          "integrity": "sha1-NHwcIcfgBBFeCk2jLOzgQfrTyKM="
        }
      }
    }
  }
}
